// !$*UTF8*$!
{
	archiveVersion = 1;
	classes = {
	};
	objectVersion = 55;
	objects = {

/* Begin PBXBuildFile section */
		A386101A283640FE00C648E9 /* FavoriteButton.swift in Sources */ = {isa = PBXBuildFile; fileRef = A3861019283640FD00C648E9 /* FavoriteButton.swift */; };
		A386101F2836463400C648E9 /* HexagonParameters.swift in Sources */ = {isa = PBXBuildFile; fileRef = A386101E2836463400C648E9 /* HexagonParameters.swift */; };
		A3B9424328364CC60023166F /* BadgeBackground.swift in Sources */ = {isa = PBXBuildFile; fileRef = A3B9424228364CC60023166F /* BadgeBackground.swift */; };
		A3B94245283735910023166F /* BadgeSymbol.swift in Sources */ = {isa = PBXBuildFile; fileRef = A3B94244283735910023166F /* BadgeSymbol.swift */; };
		A3B94247283737620023166F /* RotatedBadgeSymbol.swift in Sources */ = {isa = PBXBuildFile; fileRef = A3B94246283737620023166F /* RotatedBadgeSymbol.swift */; };
		A3B94249283739420023166F /* Badge.swift in Sources */ = {isa = PBXBuildFile; fileRef = A3B94248283739420023166F /* Badge.swift */; };
		A3B9424C28373FFB0023166F /* hikeData.json in Resources */ = {isa = PBXBuildFile; fileRef = A3B9424B28373FFB0023166F /* hikeData.json */; };
		A3B9424E283740750023166F /* Hike.swift in Sources */ = {isa = PBXBuildFile; fileRef = A3B9424D283740750023166F /* Hike.swift */; };
		A3B94254283744130023166F /* GraphCapsule.swift in Sources */ = {isa = PBXBuildFile; fileRef = A3B94250283744130023166F /* GraphCapsule.swift */; };
		A3B94255283744130023166F /* HikeGraph.swift in Sources */ = {isa = PBXBuildFile; fileRef = A3B94251283744130023166F /* HikeGraph.swift */; };
		A3B94256283744130023166F /* HikeDetail.swift in Sources */ = {isa = PBXBuildFile; fileRef = A3B94252283744130023166F /* HikeDetail.swift */; };
		A3B94257283744130023166F /* HikeView.swift in Sources */ = {isa = PBXBuildFile; fileRef = A3B94253283744130023166F /* HikeView.swift */; };
		A3B9425A283770870023166F /* CategoryHome.swift in Sources */ = {isa = PBXBuildFile; fileRef = A3B94259283770870023166F /* CategoryHome.swift */; };
		A3B9425C283777920023166F /* CategoryRow.swift in Sources */ = {isa = PBXBuildFile; fileRef = A3B9425B283777920023166F /* CategoryRow.swift */; };
		A3CFCCE228322BA300A4F50A /* xzl_patient_swiftApp.swift in Sources */ = {isa = PBXBuildFile; fileRef = A3CFCCE128322BA300A4F50A /* xzl_patient_swiftApp.swift */; };
		A3CFCCE428322BA300A4F50A /* ContentView.swift in Sources */ = {isa = PBXBuildFile; fileRef = A3CFCCE328322BA300A4F50A /* ContentView.swift */; };
		A3CFCCE628322BA400A4F50A /* Assets.xcassets in Resources */ = {isa = PBXBuildFile; fileRef = A3CFCCE528322BA400A4F50A /* Assets.xcassets */; };
		A3CFCCE928322BA400A4F50A /* Preview Assets.xcassets in Resources */ = {isa = PBXBuildFile; fileRef = A3CFCCE828322BA400A4F50A /* Preview Assets.xcassets */; };
		A3CFCCF328322BA500A4F50A /* xzl_patient_swiftTests.swift in Sources */ = {isa = PBXBuildFile; fileRef = A3CFCCF228322BA500A4F50A /* xzl_patient_swiftTests.swift */; };
		A3CFCCFD28322BA500A4F50A /* xzl_patient_swiftUITests.swift in Sources */ = {isa = PBXBuildFile; fileRef = A3CFCCFC28322BA500A4F50A /* xzl_patient_swiftUITests.swift */; };
		A3CFCCFF28322BA500A4F50A /* xzl_patient_swiftUITestsLaunchTests.swift in Sources */ = {isa = PBXBuildFile; fileRef = A3CFCCFE28322BA500A4F50A /* xzl_patient_swiftUITestsLaunchTests.swift */; };
		A3CFCD0C28323ECC00A4F50A /* CircleImage.swift in Sources */ = {isa = PBXBuildFile; fileRef = A3CFCD0B28323ECC00A4F50A /* CircleImage.swift */; };
		A3CFCD0E2832426B00A4F50A /* MapView.swift in Sources */ = {isa = PBXBuildFile; fileRef = A3CFCD0D2832426B00A4F50A /* MapView.swift */; };
		A3CFCD1228324DB400A4F50A /* Landmark.swift in Sources */ = {isa = PBXBuildFile; fileRef = A3CFCD1128324DB400A4F50A /* Landmark.swift */; };
		A3CFCD142832504600A4F50A /* landmarkData.json in Resources */ = {isa = PBXBuildFile; fileRef = A3CFCD132832504600A4F50A /* landmarkData.json */; };
		A3CFCD162832521500A4F50A /* ModelData.swift in Sources */ = {isa = PBXBuildFile; fileRef = A3CFCD152832521500A4F50A /* ModelData.swift */; };
		A3CFCD1C2832572700A4F50A /* LandmarkRow.swift in Sources */ = {isa = PBXBuildFile; fileRef = A3CFCD1B2832572700A4F50A /* LandmarkRow.swift */; };
		A3CFCD1E28325CD700A4F50A /* LandmarkList.swift in Sources */ = {isa = PBXBuildFile; fileRef = A3CFCD1D28325CD700A4F50A /* LandmarkList.swift */; };
		A3D755AE28333CB800243425 /* LandmarkDetail.swift in Sources */ = {isa = PBXBuildFile; fileRef = A3D755AD28333CB800243425 /* LandmarkDetail.swift */; };
/* End PBXBuildFile section */

/* Begin PBXContainerItemProxy section */
		A3CFCCEF28322BA500A4F50A /* PBXContainerItemProxy */ = {
			isa = PBXContainerItemProxy;
			containerPortal = A3CFCCD628322BA300A4F50A /* Project object */;
			proxyType = 1;
			remoteGlobalIDString = A3CFCCDD28322BA300A4F50A;
			remoteInfo = "xzl-patient-swift";
		};
		A3CFCCF928322BA500A4F50A /* PBXContainerItemProxy */ = {
			isa = PBXContainerItemProxy;
			containerPortal = A3CFCCD628322BA300A4F50A /* Project object */;
			proxyType = 1;
			remoteGlobalIDString = A3CFCCDD28322BA300A4F50A;
			remoteInfo = "xzl-patient-swift";
		};
/* End PBXContainerItemProxy section */

/* Begin PBXFileReference section */
		A3861019283640FD00C648E9 /* FavoriteButton.swift */ = {isa = PBXFileReference; lastKnownFileType = sourcecode.swift; path = FavoriteButton.swift; sourceTree = "<group>"; };
		A386101E2836463400C648E9 /* HexagonParameters.swift */ = {isa = PBXFileReference; lastKnownFileType = sourcecode.swift; path = HexagonParameters.swift; sourceTree = "<group>"; };
		A3B9424228364CC60023166F /* BadgeBackground.swift */ = {isa = PBXFileReference; lastKnownFileType = sourcecode.swift; path = BadgeBackground.swift; sourceTree = "<group>"; };
		A3B94244283735910023166F /* BadgeSymbol.swift */ = {isa = PBXFileReference; lastKnownFileType = sourcecode.swift; path = BadgeSymbol.swift; sourceTree = "<group>"; };
		A3B94246283737620023166F /* RotatedBadgeSymbol.swift */ = {isa = PBXFileReference; lastKnownFileType = sourcecode.swift; path = RotatedBadgeSymbol.swift; sourceTree = "<group>"; };
		A3B94248283739420023166F /* Badge.swift */ = {isa = PBXFileReference; lastKnownFileType = sourcecode.swift; path = Badge.swift; sourceTree = "<group>"; };
		A3B9424B28373FFB0023166F /* hikeData.json */ = {isa = PBXFileReference; fileEncoding = 4; lastKnownFileType = text.json; path = hikeData.json; sourceTree = "<group>"; };
		A3B9424D283740750023166F /* Hike.swift */ = {isa = PBXFileReference; lastKnownFileType = sourcecode.swift; path = Hike.swift; sourceTree = "<group>"; };
		A3B94250283744130023166F /* GraphCapsule.swift */ = {isa = PBXFileReference; fileEncoding = 4; lastKnownFileType = sourcecode.swift; path = GraphCapsule.swift; sourceTree = "<group>"; };
		A3B94251283744130023166F /* HikeGraph.swift */ = {isa = PBXFileReference; fileEncoding = 4; lastKnownFileType = sourcecode.swift; path = HikeGraph.swift; sourceTree = "<group>"; };
		A3B94252283744130023166F /* HikeDetail.swift */ = {isa = PBXFileReference; fileEncoding = 4; lastKnownFileType = sourcecode.swift; path = HikeDetail.swift; sourceTree = "<group>"; };
		A3B94253283744130023166F /* HikeView.swift */ = {isa = PBXFileReference; fileEncoding = 4; lastKnownFileType = sourcecode.swift; path = HikeView.swift; sourceTree = "<group>"; };
		A3B94259283770870023166F /* CategoryHome.swift */ = {isa = PBXFileReference; lastKnownFileType = sourcecode.swift; path = CategoryHome.swift; sourceTree = "<group>"; };
		A3B9425B283777920023166F /* CategoryRow.swift */ = {isa = PBXFileReference; lastKnownFileType = sourcecode.swift; path = CategoryRow.swift; sourceTree = "<group>"; };
		A3CFCCDE28322BA300A4F50A /* xzl-patient-swift.app */ = {isa = PBXFileReference; explicitFileType = wrapper.application; includeInIndex = 0; path = "xzl-patient-swift.app"; sourceTree = BUILT_PRODUCTS_DIR; };
		A3CFCCE128322BA300A4F50A /* xzl_patient_swiftApp.swift */ = {isa = PBXFileReference; lastKnownFileType = sourcecode.swift; path = xzl_patient_swiftApp.swift; sourceTree = "<group>"; };
		A3CFCCE328322BA300A4F50A /* ContentView.swift */ = {isa = PBXFileReference; lastKnownFileType = sourcecode.swift; path = ContentView.swift; sourceTree = "<group>"; };
		A3CFCCE528322BA400A4F50A /* Assets.xcassets */ = {isa = PBXFileReference; lastKnownFileType = folder.assetcatalog; path = Assets.xcassets; sourceTree = "<group>"; };
		A3CFCCE828322BA400A4F50A /* Preview Assets.xcassets */ = {isa = PBXFileReference; lastKnownFileType = folder.assetcatalog; path = "Preview Assets.xcassets"; sourceTree = "<group>"; };
		A3CFCCEE28322BA500A4F50A /* xzl-patient-swiftTests.xctest */ = {isa = PBXFileReference; explicitFileType = wrapper.cfbundle; includeInIndex = 0; path = "xzl-patient-swiftTests.xctest"; sourceTree = BUILT_PRODUCTS_DIR; };
		A3CFCCF228322BA500A4F50A /* xzl_patient_swiftTests.swift */ = {isa = PBXFileReference; lastKnownFileType = sourcecode.swift; path = xzl_patient_swiftTests.swift; sourceTree = "<group>"; };
		A3CFCCF828322BA500A4F50A /* xzl-patient-swiftUITests.xctest */ = {isa = PBXFileReference; explicitFileType = wrapper.cfbundle; includeInIndex = 0; path = "xzl-patient-swiftUITests.xctest"; sourceTree = BUILT_PRODUCTS_DIR; };
		A3CFCCFC28322BA500A4F50A /* xzl_patient_swiftUITests.swift */ = {isa = PBXFileReference; lastKnownFileType = sourcecode.swift; path = xzl_patient_swiftUITests.swift; sourceTree = "<group>"; };
		A3CFCCFE28322BA500A4F50A /* xzl_patient_swiftUITestsLaunchTests.swift */ = {isa = PBXFileReference; lastKnownFileType = sourcecode.swift; path = xzl_patient_swiftUITestsLaunchTests.swift; sourceTree = "<group>"; };
		A3CFCD0B28323ECC00A4F50A /* CircleImage.swift */ = {isa = PBXFileReference; lastKnownFileType = sourcecode.swift; path = CircleImage.swift; sourceTree = "<group>"; };
		A3CFCD0D2832426B00A4F50A /* MapView.swift */ = {isa = PBXFileReference; lastKnownFileType = sourcecode.swift; path = MapView.swift; sourceTree = "<group>"; };
		A3CFCD1128324DB400A4F50A /* Landmark.swift */ = {isa = PBXFileReference; lastKnownFileType = sourcecode.swift; path = Landmark.swift; sourceTree = "<group>"; };
		A3CFCD132832504600A4F50A /* landmarkData.json */ = {isa = PBXFileReference; fileEncoding = 4; lastKnownFileType = text.json; path = landmarkData.json; sourceTree = "<group>"; };
		A3CFCD152832521500A4F50A /* ModelData.swift */ = {isa = PBXFileReference; lastKnownFileType = sourcecode.swift; path = ModelData.swift; sourceTree = "<group>"; };
		A3CFCD1B2832572700A4F50A /* LandmarkRow.swift */ = {isa = PBXFileReference; lastKnownFileType = sourcecode.swift; path = LandmarkRow.swift; sourceTree = "<group>"; };
		A3CFCD1D28325CD700A4F50A /* LandmarkList.swift */ = {isa = PBXFileReference; lastKnownFileType = sourcecode.swift; path = LandmarkList.swift; sourceTree = "<group>"; };
		A3D755AD28333CB800243425 /* LandmarkDetail.swift */ = {isa = PBXFileReference; lastKnownFileType = sourcecode.swift; path = LandmarkDetail.swift; sourceTree = "<group>"; };
/* End PBXFileReference section */

/* Begin PBXFrameworksBuildPhase section */
		A3CFCCDB28322BA300A4F50A /* Frameworks */ = {
			isa = PBXFrameworksBuildPhase;
			buildActionMask = 2147483647;
			files = (
			);
			runOnlyForDeploymentPostprocessing = 0;
		};
		A3CFCCEB28322BA500A4F50A /* Frameworks */ = {
			isa = PBXFrameworksBuildPhase;
			buildActionMask = 2147483647;
			files = (
			);
			runOnlyForDeploymentPostprocessing = 0;
		};
		A3CFCCF528322BA500A4F50A /* Frameworks */ = {
			isa = PBXFrameworksBuildPhase;
			buildActionMask = 2147483647;
			files = (
			);
			runOnlyForDeploymentPostprocessing = 0;
		};
/* End PBXFrameworksBuildPhase section */

/* Begin PBXGroup section */
		A386101C2836423700C648E9 /* Landmarks */ = {
			isa = PBXGroup;
			children = (
				A3CFCD1B2832572700A4F50A /* LandmarkRow.swift */,
				A3CFCD1D28325CD700A4F50A /* LandmarkList.swift */,
				A3D755AD28333CB800243425 /* LandmarkDetail.swift */,
			);
			path = Landmarks;
			sourceTree = "<group>";
		};
		A386101D2836424F00C648E9 /* Helpers */ = {
			isa = PBXGroup;
			children = (
				A3861019283640FD00C648E9 /* FavoriteButton.swift */,
				A3CFCD0B28323ECC00A4F50A /* CircleImage.swift */,
				A3CFCD0D2832426B00A4F50A /* MapView.swift */,
			);
			path = Helpers;
			sourceTree = "<group>";
		};
		A3B9424A28373D9A0023166F /* Badge */ = {
			isa = PBXGroup;
			children = (
				A386101E2836463400C648E9 /* HexagonParameters.swift */,
				A3B9424228364CC60023166F /* BadgeBackground.swift */,
				A3B94244283735910023166F /* BadgeSymbol.swift */,
				A3B94246283737620023166F /* RotatedBadgeSymbol.swift */,
				A3B94248283739420023166F /* Badge.swift */,
			);
			path = Badge;
			sourceTree = "<group>";
		};
		A3B9424F283744130023166F /* Hikes */ = {
			isa = PBXGroup;
			children = (
				A3B94250283744130023166F /* GraphCapsule.swift */,
				A3B94251283744130023166F /* HikeGraph.swift */,
				A3B94252283744130023166F /* HikeDetail.swift */,
				A3B94253283744130023166F /* HikeView.swift */,
			);
			path = Hikes;
			sourceTree = "<group>";
		};
		A3B94258283770750023166F /* Categories */ = {
			isa = PBXGroup;
			children = (
				A3B94259283770870023166F /* CategoryHome.swift */,
				A3B9425B283777920023166F /* CategoryRow.swift */,
			);
			path = Categories;
			sourceTree = "<group>";
		};
		A3CFCCD528322BA300A4F50A = {
			isa = PBXGroup;
			children = (
				A3CFCCE028322BA300A4F50A /* xzl-patient-swift */,
				A3CFCCF128322BA500A4F50A /* xzl-patient-swiftTests */,
				A3CFCCFB28322BA500A4F50A /* xzl-patient-swiftUITests */,
				A3CFCCDF28322BA300A4F50A /* Products */,
			);
			sourceTree = "<group>";
		};
		A3CFCCDF28322BA300A4F50A /* Products */ = {
			isa = PBXGroup;
			children = (
				A3CFCCDE28322BA300A4F50A /* xzl-patient-swift.app */,
				A3CFCCEE28322BA500A4F50A /* xzl-patient-swiftTests.xctest */,
				A3CFCCF828322BA500A4F50A /* xzl-patient-swiftUITests.xctest */,
			);
			name = Products;
			sourceTree = "<group>";
		};
		A3CFCCE028322BA300A4F50A /* xzl-patient-swift */ = {
			isa = PBXGroup;
			children = (
				A3B94258283770750023166F /* Categories */,
				A3CFCCE128322BA300A4F50A /* xzl_patient_swiftApp.swift */,
				A3B9424F283744130023166F /* Hikes */,
				A3CFCD192832563600A4F50A /* Views */,
				A3CFCD17283255B500A4F50A /* Model */,
				A3CFCCE528322BA400A4F50A /* Assets.xcassets */,
				A3CFCD1A2832564500A4F50A /* Resources */,
				A3CFCCE728322BA400A4F50A /* Preview Content */,
			);
			path = "xzl-patient-swift";
			sourceTree = "<group>";
		};
		A3CFCCE728322BA400A4F50A /* Preview Content */ = {
			isa = PBXGroup;
			children = (
				A3CFCCE828322BA400A4F50A /* Preview Assets.xcassets */,
			);
			path = "Preview Content";
			sourceTree = "<group>";
		};
		A3CFCCF128322BA500A4F50A /* xzl-patient-swiftTests */ = {
			isa = PBXGroup;
			children = (
				A3CFCCF228322BA500A4F50A /* xzl_patient_swiftTests.swift */,
			);
			path = "xzl-patient-swiftTests";
			sourceTree = "<group>";
		};
		A3CFCCFB28322BA500A4F50A /* xzl-patient-swiftUITests */ = {
			isa = PBXGroup;
			children = (
				A3CFCCFC28322BA500A4F50A /* xzl_patient_swiftUITests.swift */,
				A3CFCCFE28322BA500A4F50A /* xzl_patient_swiftUITestsLaunchTests.swift */,
			);
			path = "xzl-patient-swiftUITests";
			sourceTree = "<group>";
		};
		A3CFCD17283255B500A4F50A /* Model */ = {
			isa = PBXGroup;
			children = (
				A3CFCD1128324DB400A4F50A /* Landmark.swift */,
				A3CFCD152832521500A4F50A /* ModelData.swift */,
				A3B9424D283740750023166F /* Hike.swift */,
			);
			path = Model;
			sourceTree = "<group>";
		};
		A3CFCD192832563600A4F50A /* Views */ = {
			isa = PBXGroup;
			children = (
				A3B9424A28373D9A0023166F /* Badge */,
				A386101D2836424F00C648E9 /* Helpers */,
				A386101C2836423700C648E9 /* Landmarks */,
				A3CFCCE328322BA300A4F50A /* ContentView.swift */,
			);
			path = Views;
			sourceTree = "<group>";
		};
		A3CFCD1A2832564500A4F50A /* Resources */ = {
			isa = PBXGroup;
			children = (
				A3B9424B28373FFB0023166F /* hikeData.json */,
				A3CFCD132832504600A4F50A /* landmarkData.json */,
			);
			path = Resources;
			sourceTree = "<group>";
		};
/* End PBXGroup section */

/* Begin PBXNativeTarget section */
		A3CFCCDD28322BA300A4F50A /* xzl-patient-swift */ = {
			isa = PBXNativeTarget;
			buildConfigurationList = A3CFCD0228322BA500A4F50A /* Build configuration list for PBXNativeTarget "xzl-patient-swift" */;
			buildPhases = (
				A3CFCCDA28322BA300A4F50A /* Sources */,
				A3CFCCDB28322BA300A4F50A /* Frameworks */,
				A3CFCCDC28322BA300A4F50A /* Resources */,
			);
			buildRules = (
			);
			dependencies = (
			);
			name = "xzl-patient-swift";
			productName = "xzl-patient-swift";
			productReference = A3CFCCDE28322BA300A4F50A /* xzl-patient-swift.app */;
			productType = "com.apple.product-type.application";
		};
		A3CFCCED28322BA500A4F50A /* xzl-patient-swiftTests */ = {
			isa = PBXNativeTarget;
			buildConfigurationList = A3CFCD0528322BA500A4F50A /* Build configuration list for PBXNativeTarget "xzl-patient-swiftTests" */;
			buildPhases = (
				A3CFCCEA28322BA500A4F50A /* Sources */,
				A3CFCCEB28322BA500A4F50A /* Frameworks */,
				A3CFCCEC28322BA500A4F50A /* Resources */,
			);
			buildRules = (
			);
			dependencies = (
				A3CFCCF028322BA500A4F50A /* PBXTargetDependency */,
			);
			name = "xzl-patient-swiftTests";
			productName = "xzl-patient-swiftTests";
			productReference = A3CFCCEE28322BA500A4F50A /* xzl-patient-swiftTests.xctest */;
			productType = "com.apple.product-type.bundle.unit-test";
		};
		A3CFCCF728322BA500A4F50A /* xzl-patient-swiftUITests */ = {
			isa = PBXNativeTarget;
			buildConfigurationList = A3CFCD0828322BA500A4F50A /* Build configuration list for PBXNativeTarget "xzl-patient-swiftUITests" */;
			buildPhases = (
				A3CFCCF428322BA500A4F50A /* Sources */,
				A3CFCCF528322BA500A4F50A /* Frameworks */,
				A3CFCCF628322BA500A4F50A /* Resources */,
			);
			buildRules = (
			);
			dependencies = (
				A3CFCCFA28322BA500A4F50A /* PBXTargetDependency */,
			);
			name = "xzl-patient-swiftUITests";
			productName = "xzl-patient-swiftUITests";
			productReference = A3CFCCF828322BA500A4F50A /* xzl-patient-swiftUITests.xctest */;
			productType = "com.apple.product-type.bundle.ui-testing";
		};
/* End PBXNativeTarget section */

/* Begin PBXProject section */
		A3CFCCD628322BA300A4F50A /* Project object */ = {
			isa = PBXProject;
			attributes = {
				BuildIndependentTargetsInParallel = 1;
				LastSwiftUpdateCheck = 1310;
				LastUpgradeCheck = 1310;
				TargetAttributes = {
					A3CFCCDD28322BA300A4F50A = {
						CreatedOnToolsVersion = 13.1;
					};
					A3CFCCED28322BA500A4F50A = {
						CreatedOnToolsVersion = 13.1;
						TestTargetID = A3CFCCDD28322BA300A4F50A;
					};
					A3CFCCF728322BA500A4F50A = {
						CreatedOnToolsVersion = 13.1;
						TestTargetID = A3CFCCDD28322BA300A4F50A;
					};
				};
			};
			buildConfigurationList = A3CFCCD928322BA300A4F50A /* Build configuration list for PBXProject "xzl-patient-swift" */;
			compatibilityVersion = "Xcode 13.0";
			developmentRegion = en;
			hasScannedForEncodings = 0;
			knownRegions = (
				en,
				Base,
			);
			mainGroup = A3CFCCD528322BA300A4F50A;
			productRefGroup = A3CFCCDF28322BA300A4F50A /* Products */;
			projectDirPath = "";
			projectRoot = "";
			targets = (
				A3CFCCDD28322BA300A4F50A /* xzl-patient-swift */,
				A3CFCCED28322BA500A4F50A /* xzl-patient-swiftTests */,
				A3CFCCF728322BA500A4F50A /* xzl-patient-swiftUITests */,
			);
		};
/* End PBXProject section */

/* Begin PBXResourcesBuildPhase section */
		A3CFCCDC28322BA300A4F50A /* Resources */ = {
			isa = PBXResourcesBuildPhase;
			buildActionMask = 2147483647;
			files = (
				A3B9424C28373FFB0023166F /* hikeData.json in Resources */,
				A3CFCCE928322BA400A4F50A /* Preview Assets.xcassets in Resources */,
				A3CFCCE628322BA400A4F50A /* Assets.xcassets in Resources */,
				A3CFCD142832504600A4F50A /* landmarkData.json in Resources */,
			);
			runOnlyForDeploymentPostprocessing = 0;
		};
		A3CFCCEC28322BA500A4F50A /* Resources */ = {
			isa = PBXResourcesBuildPhase;
			buildActionMask = 2147483647;
			files = (
			);
			runOnlyForDeploymentPostprocessing = 0;
		};
		A3CFCCF628322BA500A4F50A /* Resources */ = {
			isa = PBXResourcesBuildPhase;
			buildActionMask = 2147483647;
			files = (
			);
			runOnlyForDeploymentPostprocessing = 0;
		};
/* End PBXResourcesBuildPhase section */

/* Begin PBXSourcesBuildPhase section */
		A3CFCCDA28322BA300A4F50A /* Sources */ = {
			isa = PBXSourcesBuildPhase;
			buildActionMask = 2147483647;
			files = (
				A3B9425C283777920023166F /* CategoryRow.swift in Sources */,
				A3CFCCE428322BA300A4F50A /* ContentView.swift in Sources */,
				A3B9425A283770870023166F /* CategoryHome.swift in Sources */,
				A3B94255283744130023166F /* HikeGraph.swift in Sources */,
				A3B94249283739420023166F /* Badge.swift in Sources */,
				A3CFCD0E2832426B00A4F50A /* MapView.swift in Sources */,
				A3B94254283744130023166F /* GraphCapsule.swift in Sources */,
				A3D755AE28333CB800243425 /* LandmarkDetail.swift in Sources */,
				A386101A283640FE00C648E9 /* FavoriteButton.swift in Sources */,
				A3B94256283744130023166F /* HikeDetail.swift in Sources */,
				A386101F2836463400C648E9 /* HexagonParameters.swift in Sources */,
				A3B9424E283740750023166F /* Hike.swift in Sources */,
				A3B94247283737620023166F /* RotatedBadgeSymbol.swift in Sources */,
				A3B94245283735910023166F /* BadgeSymbol.swift in Sources */,
				A3CFCCE228322BA300A4F50A /* xzl_patient_swiftApp.swift in Sources */,
				A3B94257283744130023166F /* HikeView.swift in Sources */,
				A3CFCD1E28325CD700A4F50A /* LandmarkList.swift in Sources */,
				A3B9424328364CC60023166F /* BadgeBackground.swift in Sources */,
				A3CFCD0C28323ECC00A4F50A /* CircleImage.swift in Sources */,
				A3CFCD1228324DB400A4F50A /* Landmark.swift in Sources */,
				A3CFCD1C2832572700A4F50A /* LandmarkRow.swift in Sources */,
				A3CFCD162832521500A4F50A /* ModelData.swift in Sources */,
			);
			runOnlyForDeploymentPostprocessing = 0;
		};
		A3CFCCEA28322BA500A4F50A /* Sources */ = {
			isa = PBXSourcesBuildPhase;
			buildActionMask = 2147483647;
			files = (
				A3CFCCF328322BA500A4F50A /* xzl_patient_swiftTests.swift in Sources */,
			);
			runOnlyForDeploymentPostprocessing = 0;
		};
		A3CFCCF428322BA500A4F50A /* Sources */ = {
			isa = PBXSourcesBuildPhase;
			buildActionMask = 2147483647;
			files = (
				A3CFCCFD28322BA500A4F50A /* xzl_patient_swiftUITests.swift in Sources */,
				A3CFCCFF28322BA500A4F50A /* xzl_patient_swiftUITestsLaunchTests.swift in Sources */,
			);
			runOnlyForDeploymentPostprocessing = 0;
		};
/* End PBXSourcesBuildPhase section */

/* Begin PBXTargetDependency section */
		A3CFCCF028322BA500A4F50A /* PBXTargetDependency */ = {
			isa = PBXTargetDependency;
			target = A3CFCCDD28322BA300A4F50A /* xzl-patient-swift */;
			targetProxy = A3CFCCEF28322BA500A4F50A /* PBXContainerItemProxy */;
		};
		A3CFCCFA28322BA500A4F50A /* PBXTargetDependency */ = {
			isa = PBXTargetDependency;
			target = A3CFCCDD28322BA300A4F50A /* xzl-patient-swift */;
			targetProxy = A3CFCCF928322BA500A4F50A /* PBXContainerItemProxy */;
		};
/* End PBXTargetDependency section */

/* Begin XCBuildConfiguration section */
		A3CFCD0028322BA500A4F50A /* Debug */ = {
			isa = XCBuildConfiguration;
			buildSettings = {
				ALWAYS_SEARCH_USER_PATHS = NO;
				CLANG_ANALYZER_NONNULL = YES;
				CLANG_ANALYZER_NUMBER_OBJECT_CONVERSION = YES_AGGRESSIVE;
				CLANG_CXX_LANGUAGE_STANDARD = "gnu++17";
				CLANG_CXX_LIBRARY = "libc++";
				CLANG_ENABLE_MODULES = YES;
				CLANG_ENABLE_OBJC_ARC = YES;
				CLANG_ENABLE_OBJC_WEAK = YES;
				CLANG_WARN_BLOCK_CAPTURE_AUTORELEASING = YES;
				CLANG_WARN_BOOL_CONVERSION = YES;
				CLANG_WARN_COMMA = YES;
				CLANG_WARN_CONSTANT_CONVERSION = YES;
				CLANG_WARN_DEPRECATED_OBJC_IMPLEMENTATIONS = YES;
				CLANG_WARN_DIRECT_OBJC_ISA_USAGE = YES_ERROR;
				CLANG_WARN_DOCUMENTATION_COMMENTS = YES;
				CLANG_WARN_EMPTY_BODY = YES;
				CLANG_WARN_ENUM_CONVERSION = YES;
				CLANG_WARN_INFINITE_RECURSION = YES;
				CLANG_WARN_INT_CONVERSION = YES;
				CLANG_WARN_NON_LITERAL_NULL_CONVERSION = YES;
				CLANG_WARN_OBJC_IMPLICIT_RETAIN_SELF = YES;
				CLANG_WARN_OBJC_LITERAL_CONVERSION = YES;
				CLANG_WARN_OBJC_ROOT_CLASS = YES_ERROR;
				CLANG_WARN_QUOTED_INCLUDE_IN_FRAMEWORK_HEADER = YES;
				CLANG_WARN_RANGE_LOOP_ANALYSIS = YES;
				CLANG_WARN_STRICT_PROTOTYPES = YES;
				CLANG_WARN_SUSPICIOUS_MOVE = YES;
				CLANG_WARN_UNGUARDED_AVAILABILITY = YES_AGGRESSIVE;
				CLANG_WARN_UNREACHABLE_CODE = YES;
				CLANG_WARN__DUPLICATE_METHOD_MATCH = YES;
				COPY_PHASE_STRIP = NO;
				DEBUG_INFORMATION_FORMAT = dwarf;
				ENABLE_STRICT_OBJC_MSGSEND = YES;
				ENABLE_TESTABILITY = YES;
				GCC_C_LANGUAGE_STANDARD = gnu11;
				GCC_DYNAMIC_NO_PIC = NO;
				GCC_NO_COMMON_BLOCKS = YES;
				GCC_OPTIMIZATION_LEVEL = 0;
				GCC_PREPROCESSOR_DEFINITIONS = (
					"DEBUG=1",
					"$(inherited)",
				);
				GCC_WARN_64_TO_32_BIT_CONVERSION = YES;
				GCC_WARN_ABOUT_RETURN_TYPE = YES_ERROR;
				GCC_WARN_UNDECLARED_SELECTOR = YES;
				GCC_WARN_UNINITIALIZED_AUTOS = YES_AGGRESSIVE;
				GCC_WARN_UNUSED_FUNCTION = YES;
				GCC_WARN_UNUSED_VARIABLE = YES;
				IPHONEOS_DEPLOYMENT_TARGET = 15.0;
				MTL_ENABLE_DEBUG_INFO = INCLUDE_SOURCE;
				MTL_FAST_MATH = YES;
				ONLY_ACTIVE_ARCH = YES;
				SDKROOT = iphoneos;
				SWIFT_ACTIVE_COMPILATION_CONDITIONS = DEBUG;
				SWIFT_OPTIMIZATION_LEVEL = "-Onone";
			};
			name = Debug;
		};
		A3CFCD0128322BA500A4F50A /* Release */ = {
			isa = XCBuildConfiguration;
			buildSettings = {
				ALWAYS_SEARCH_USER_PATHS = NO;
				CLANG_ANALYZER_NONNULL = YES;
				CLANG_ANALYZER_NUMBER_OBJECT_CONVERSION = YES_AGGRESSIVE;
				CLANG_CXX_LANGUAGE_STANDARD = "gnu++17";
				CLANG_CXX_LIBRARY = "libc++";
				CLANG_ENABLE_MODULES = YES;
				CLANG_ENABLE_OBJC_ARC = YES;
				CLANG_ENABLE_OBJC_WEAK = YES;
				CLANG_WARN_BLOCK_CAPTURE_AUTORELEASING = YES;
				CLANG_WARN_BOOL_CONVERSION = YES;
				CLANG_WARN_COMMA = YES;
				CLANG_WARN_CONSTANT_CONVERSION = YES;
				CLANG_WARN_DEPRECATED_OBJC_IMPLEMENTATIONS = YES;
				CLANG_WARN_DIRECT_OBJC_ISA_USAGE = YES_ERROR;
				CLANG_WARN_DOCUMENTATION_COMMENTS = YES;
				CLANG_WARN_EMPTY_BODY = YES;
				CLANG_WARN_ENUM_CONVERSION = YES;
				CLANG_WARN_INFINITE_RECURSION = YES;
				CLANG_WARN_INT_CONVERSION = YES;
				CLANG_WARN_NON_LITERAL_NULL_CONVERSION = YES;
				CLANG_WARN_OBJC_IMPLICIT_RETAIN_SELF = YES;
				CLANG_WARN_OBJC_LITERAL_CONVERSION = YES;
				CLANG_WARN_OBJC_ROOT_CLASS = YES_ERROR;
				CLANG_WARN_QUOTED_INCLUDE_IN_FRAMEWORK_HEADER = YES;
				CLANG_WARN_RANGE_LOOP_ANALYSIS = YES;
				CLANG_WARN_STRICT_PROTOTYPES = YES;
				CLANG_WARN_SUSPICIOUS_MOVE = YES;
				CLANG_WARN_UNGUARDED_AVAILABILITY = YES_AGGRESSIVE;
				CLANG_WARN_UNREACHABLE_CODE = YES;
				CLANG_WARN__DUPLICATE_METHOD_MATCH = YES;
				COPY_PHASE_STRIP = NO;
				DEBUG_INFORMATION_FORMAT = "dwarf-with-dsym";
				ENABLE_NS_ASSERTIONS = NO;
				ENABLE_STRICT_OBJC_MSGSEND = YES;
				GCC_C_LANGUAGE_STANDARD = gnu11;
				GCC_NO_COMMON_BLOCKS = YES;
				GCC_WARN_64_TO_32_BIT_CONVERSION = YES;
				GCC_WARN_ABOUT_RETURN_TYPE = YES_ERROR;
				GCC_WARN_UNDECLARED_SELECTOR = YES;
				GCC_WARN_UNINITIALIZED_AUTOS = YES_AGGRESSIVE;
				GCC_WARN_UNUSED_FUNCTION = YES;
				GCC_WARN_UNUSED_VARIABLE = YES;
				IPHONEOS_DEPLOYMENT_TARGET = 15.0;
				MTL_ENABLE_DEBUG_INFO = NO;
				MTL_FAST_MATH = YES;
				SDKROOT = iphoneos;
				SWIFT_COMPILATION_MODE = wholemodule;
				SWIFT_OPTIMIZATION_LEVEL = "-O";
				VALIDATE_PRODUCT = YES;
			};
			name = Release;
		};
		A3CFCD0328322BA500A4F50A /* Debug */ = {
			isa = XCBuildConfiguration;
			buildSettings = {
				ASSETCATALOG_COMPILER_APPICON_NAME = AppIcon;
				ASSETCATALOG_COMPILER_GLOBAL_ACCENT_COLOR_NAME = AccentColor;
				CODE_SIGN_STYLE = Automatic;
				CURRENT_PROJECT_VERSION = 1;
				DEVELOPMENT_ASSET_PATHS = "\"xzl-patient-swift/Preview Content\"";
				DEVELOPMENT_TEAM = 9K78DAKYH4;
				ENABLE_PREVIEWS = YES;
				GENERATE_INFOPLIST_FILE = YES;
				INFOPLIST_KEY_UIApplicationSceneManifest_Generation = YES;
				INFOPLIST_KEY_UIApplicationSupportsIndirectInputEvents = YES;
				INFOPLIST_KEY_UILaunchScreen_Generation = YES;
				INFOPLIST_KEY_UISupportedInterfaceOrientations_iPad = "UIInterfaceOrientationPortrait UIInterfaceOrientationPortraitUpsideDown UIInterfaceOrientationLandscapeLeft UIInterfaceOrientationLandscapeRight";
				INFOPLIST_KEY_UISupportedInterfaceOrientations_iPhone = "UIInterfaceOrientationPortrait UIInterfaceOrientationLandscapeLeft UIInterfaceOrientationLandscapeRight";
				LD_RUNPATH_SEARCH_PATHS = (
					"$(inherited)",
					"@executable_path/Frameworks",
				);
				MARKETING_VERSION = 1.0;
				PRODUCT_BUNDLE_IDENTIFIER = "com.zhouzhou.todo.xzl-patient-swift";
				PRODUCT_NAME = "$(TARGET_NAME)";
				SWIFT_EMIT_LOC_STRINGS = YES;
				SWIFT_VERSION = 5.0;
				TARGETED_DEVICE_FAMILY = "1,2";
			};
			name = Debug;
		};
		A3CFCD0428322BA500A4F50A /* Release */ = {
			isa = XCBuildConfiguration;
			buildSettings = {
				ASSETCATALOG_COMPILER_APPICON_NAME = AppIcon;
				ASSETCATALOG_COMPILER_GLOBAL_ACCENT_COLOR_NAME = AccentColor;
				CODE_SIGN_STYLE = Automatic;
				CURRENT_PROJECT_VERSION = 1;
				DEVELOPMENT_ASSET_PATHS = "\"xzl-patient-swift/Preview Content\"";
				DEVELOPMENT_TEAM = 9K78DAKYH4;
				ENABLE_PREVIEWS = YES;
				GENERATE_INFOPLIST_FILE = YES;
				INFOPLIST_KEY_UIApplicationSceneManifest_Generation = YES;
				INFOPLIST_KEY_UIApplicationSupportsIndirectInputEvents = YES;
				INFOPLIST_KEY_UILaunchScreen_Generation = YES;
				INFOPLIST_KEY_UISupportedInterfaceOrientations_iPad = "UIInterfaceOrientationPortrait UIInterfaceOrientationPortraitUpsideDown UIInterfaceOrientationLandscapeLeft UIInterfaceOrientationLandscapeRight";
				INFOPLIST_KEY_UISupportedInterfaceOrientations_iPhone = "UIInterfaceOrientationPortrait UIInterfaceOrientationLandscapeLeft UIInterfaceOrientationLandscapeRight";
				LD_RUNPATH_SEARCH_PATHS = (
					"$(inherited)",
					"@executable_path/Frameworks",
				);
				MARKETING_VERSION = 1.0;
				PRODUCT_BUNDLE_IDENTIFIER = "com.zhouzhou.todo.xzl-patient-swift";
				PRODUCT_NAME = "$(TARGET_NAME)";
				SWIFT_EMIT_LOC_STRINGS = YES;
				SWIFT_VERSION = 5.0;
				TARGETED_DEVICE_FAMILY = "1,2";
			};
			name = Release;
		};
		A3CFCD0628322BA500A4F50A /* Debug */ = {
			isa = XCBuildConfiguration;
			buildSettings = {
				ALWAYS_EMBED_SWIFT_STANDARD_LIBRARIES = YES;
				BUNDLE_LOADER = "$(TEST_HOST)";
				CODE_SIGN_STYLE = Automatic;
				CURRENT_PROJECT_VERSION = 1;
				DEVELOPMENT_TEAM = 9K78DAKYH4;
				GENERATE_INFOPLIST_FILE = YES;
				IPHONEOS_DEPLOYMENT_TARGET = 15.0;
				LD_RUNPATH_SEARCH_PATHS = (
					"$(inherited)",
					"@executable_path/Frameworks",
					"@loader_path/Frameworks",
				);
				MARKETING_VERSION = 1.0;
				PRODUCT_BUNDLE_IDENTIFIER = "com.zhouzhou.todo.xzl-patient-swiftTests";
				PRODUCT_NAME = "$(TARGET_NAME)";
				SWIFT_EMIT_LOC_STRINGS = NO;
				SWIFT_VERSION = 5.0;
				TARGETED_DEVICE_FAMILY = "1,2";
				TEST_HOST = "$(BUILT_PRODUCTS_DIR)/xzl-patient-swift.app/xzl-patient-swift";
			};
			name = Debug;
		};
		A3CFCD0728322BA500A4F50A /* Release */ = {
			isa = XCBuildConfiguration;
			buildSettings = {
				ALWAYS_EMBED_SWIFT_STANDARD_LIBRARIES = YES;
				BUNDLE_LOADER = "$(TEST_HOST)";
				CODE_SIGN_STYLE = Automatic;
				CURRENT_PROJECT_VERSION = 1;
				DEVELOPMENT_TEAM = 9K78DAKYH4;
				GENERATE_INFOPLIST_FILE = YES;
				IPHONEOS_DEPLOYMENT_TARGET = 15.0;
				LD_RUNPATH_SEARCH_PATHS = (
					"$(inherited)",
					"@executable_path/Frameworks",
					"@loader_path/Frameworks",
				);
				MARKETING_VERSION = 1.0;
				PRODUCT_BUNDLE_IDENTIFIER = "com.zhouzhou.todo.xzl-patient-swiftTests";
				PRODUCT_NAME = "$(TARGET_NAME)";
				SWIFT_EMIT_LOC_STRINGS = NO;
				SWIFT_VERSION = 5.0;
				TARGETED_DEVICE_FAMILY = "1,2";
				TEST_HOST = "$(BUILT_PRODUCTS_DIR)/xzl-patient-swift.app/xzl-patient-swift";
			};
			name = Release;
		};
		A3CFCD0928322BA500A4F50A /* Debug */ = {
			isa = XCBuildConfiguration;
			buildSettings = {
				ALWAYS_EMBED_SWIFT_STANDARD_LIBRARIES = YES;
				CODE_SIGN_STYLE = Automatic;
				CURRENT_PROJECT_VERSION = 1;
				DEVELOPMENT_TEAM = 9K78DAKYH4;
				GENERATE_INFOPLIST_FILE = YES;
				LD_RUNPATH_SEARCH_PATHS = (
					"$(inherited)",
					"@executable_path/Frameworks",
					"@loader_path/Frameworks",
				);
				MARKETING_VERSION = 1.0;
				PRODUCT_BUNDLE_IDENTIFIER = "com.zhouzhou.todo.xzl-patient-swiftUITests";
				PRODUCT_NAME = "$(TARGET_NAME)";
				SWIFT_EMIT_LOC_STRINGS = NO;
				SWIFT_VERSION = 5.0;
				TARGETED_DEVICE_FAMILY = "1,2";
				TEST_TARGET_NAME = "xzl-patient-swift";
			};
			name = Debug;
		};
		A3CFCD0A28322BA500A4F50A /* Release */ = {
			isa = XCBuildConfiguration;
			buildSettings = {
				ALWAYS_EMBED_SWIFT_STANDARD_LIBRARIES = YES;
				CODE_SIGN_STYLE = Automatic;
				CURRENT_PROJECT_VERSION = 1;
				DEVELOPMENT_TEAM = 9K78DAKYH4;
				GENERATE_INFOPLIST_FILE = YES;
				LD_RUNPATH_SEARCH_PATHS = (
					"$(inherited)",
					"@executable_path/Frameworks",
					"@loader_path/Frameworks",
				);
				MARKETING_VERSION = 1.0;
				PRODUCT_BUNDLE_IDENTIFIER = "com.zhouzhou.todo.xzl-patient-swiftUITests";
				PRODUCT_NAME = "$(TARGET_NAME)";
				SWIFT_EMIT_LOC_STRINGS = NO;
				SWIFT_VERSION = 5.0;
				TARGETED_DEVICE_FAMILY = "1,2";
				TEST_TARGET_NAME = "xzl-patient-swift";
			};
			name = Release;
		};
/* End XCBuildConfiguration section */

/* Begin XCConfigurationList section */
		A3CFCCD928322BA300A4F50A /* Build configuration list for PBXProject "xzl-patient-swift" */ = {
			isa = XCConfigurationList;
			buildConfigurations = (
				A3CFCD0028322BA500A4F50A /* Debug */,
				A3CFCD0128322BA500A4F50A /* Release */,
			);
			defaultConfigurationIsVisible = 0;
			defaultConfigurationName = Release;
		};
		A3CFCD0228322BA500A4F50A /* Build configuration list for PBXNativeTarget "xzl-patient-swift" */ = {
			isa = XCConfigurationList;
			buildConfigurations = (
				A3CFCD0328322BA500A4F50A /* Debug */,
				A3CFCD0428322BA500A4F50A /* Release */,
			);
			defaultConfigurationIsVisible = 0;
			defaultConfigurationName = Release;
		};
		A3CFCD0528322BA500A4F50A /* Build configuration list for PBXNativeTarget "xzl-patient-swiftTests" */ = {
			isa = XCConfigurationList;
			buildConfigurations = (
				A3CFCD0628322BA500A4F50A /* Debug */,
				A3CFCD0728322BA500A4F50A /* Release */,
			);
			defaultConfigurationIsVisible = 0;
			defaultConfigurationName = Release;
		};
		A3CFCD0828322BA500A4F50A /* Build configuration list for PBXNativeTarget "xzl-patient-swiftUITests" */ = {
			isa = XCConfigurationList;
			buildConfigurations = (
				A3CFCD0928322BA500A4F50A /* Debug */,
				A3CFCD0A28322BA500A4F50A /* Release */,
			);
			defaultConfigurationIsVisible = 0;
			defaultConfigurationName = Release;
		};
/* End XCConfigurationList section */
	};
	rootObject = A3CFCCD628322BA300A4F50A /* Project object */;
}
